
Microsoft Visual Studio Solution File, Format Version 12.00
# Visual Studio Version 16
VisualStudioVersion = 16.0.29609.76
MinimumVisualStudioVersion = 10.0.40219.1
Project("{FAE04EC0-301F-11D3-BF4B-00C04F79EFBC}") = "FirstAppAngularUdemy", "FirstAppAngularUdemy\FirstAppAngularUdemy.csproj", "{E91CF611-8251-430A-87E1-00AC64917545}"
EndProject
Global
	GlobalSection(SolutionConfigurationPlatforms) = preSolution
		Debug|Any CPU = Debug|Any CPU
		Release|Any CPU = Release|Any CPU
	EndGlobalSection
	GlobalSection(ProjectConfigurationPlatforms) = postSolution
		{E91CF611-8251-430A-87E1-00AC64917545}.Debug|Any CPU.ActiveCfg = Debug|Any CPU
		{E91CF611-8251-430A-87E1-00AC64917545}.Debug|Any CPU.Build.0 = Debug|Any CPU
		{E91CF611-8251-430A-87E1-00AC64917545}.Release|Any CPU.ActiveCfg = Release|Any CPU
		{E91CF611-8251-430A-87E1-00AC64917545}.Release|Any CPU.Build.0 = Release|Any CPU
	EndGlobalSection
	GlobalSection(SolutionProperties) = preSolution
		HideSolutionNode = FALSE
	EndGlobalSection
	GlobalSection(ExtensibilityGlobals) = postSolution
		SolutionGuid = {85A0F035-453A-4F1B-91E2-3D1C1351A235}
	EndGlobalSection
EndGlobal
